
Microsoft Visual Studio Solution File, Format Version 12.00
# Visual Studio 15
VisualStudioVersion = 15.0.28306.52
MinimumVisualStudioVersion = 10.0.40219.1
Project("{FAE04EC0-301F-11D3-BF4B-00C04F79EFBC}") = "DidSayIt", "DidSayIt\DidSayIt.csproj", "{1053C446-88FD-450D-8F73-645BED88F01D}"
EndProject
Project("{FAE04EC0-301F-11D3-BF4B-00C04F79EFBC}") = "DidSayItModels", "DidSayItModels\DidSayItModels.csproj", "{B2090509-95EA-4058-9143-77A35C4B2364}"
EndProject
Global
	GlobalSection(SolutionConfigurationPlatforms) = preSolution
		Debug|Any CPU = Debug|Any CPU
		Release|Any CPU = Release|Any CPU
	EndGlobalSection
	GlobalSection(ProjectConfigurationPlatforms) = postSolution
		{1053C446-88FD-450D-8F73-645BED88F01D}.Debug|Any CPU.ActiveCfg = Debug|Any CPU
		{1053C446-88FD-450D-8F73-645BED88F01D}.Debug|Any CPU.Build.0 = Debug|Any CPU
		{1053C446-88FD-450D-8F73-645BED88F01D}.Release|Any CPU.ActiveCfg = Release|Any CPU
		{1053C446-88FD-450D-8F73-645BED88F01D}.Release|Any CPU.Build.0 = Release|Any CPU
		{B2090509-95EA-4058-9143-77A35C4B2364}.Debug|Any CPU.ActiveCfg = Debug|Any CPU
		{B2090509-95EA-4058-9143-77A35C4B2364}.Debug|Any CPU.Build.0 = Debug|Any CPU
		{B2090509-95EA-4058-9143-77A35C4B2364}.Release|Any CPU.ActiveCfg = Release|Any CPU
		{B2090509-95EA-4058-9143-77A35C4B2364}.Release|Any CPU.Build.0 = Release|Any CPU
	EndGlobalSection
	GlobalSection(SolutionProperties) = preSolution
		HideSolutionNode = FALSE
	EndGlobalSection
	GlobalSection(ExtensibilityGlobals) = postSolution
		SolutionGuid = {B4B90727-FEB8-462A-B10F-F7322D3AEB9C}
	EndGlobalSection
EndGlobal
